// !$*UTF8*$!
{
	archiveVersion = 1;
	classes = {
	};
	objectVersion = 50;
	objects = {

/* Begin PBXBuildFile section */
		5D56B6B1257647BE00A48F98 /* Weather.swift in Sources */ = {isa = PBXBuildFile; fileRef = 5D56B6B0257647BE00A48F98 /* Weather.swift */; };
		5DD4BCE72575D82100EE5966 /* AppDelegate.swift in Sources */ = {isa = PBXBuildFile; fileRef = 5DD4BCE62575D82100EE5966 /* AppDelegate.swift */; };
		5DD4BCE92575D82100EE5966 /* SceneDelegate.swift in Sources */ = {isa = PBXBuildFile; fileRef = 5DD4BCE82575D82100EE5966 /* SceneDelegate.swift */; };
		5DD4BCEE2575D82100EE5966 /* Main.storyboard in Resources */ = {isa = PBXBuildFile; fileRef = 5DD4BCEC2575D82100EE5966 /* Main.storyboard */; };
		5DD4BCF02575D82300EE5966 /* Assets.xcassets in Resources */ = {isa = PBXBuildFile; fileRef = 5DD4BCEF2575D82300EE5966 /* Assets.xcassets */; };
		5DD4BCF32575D82300EE5966 /* LaunchScreen.storyboard in Resources */ = {isa = PBXBuildFile; fileRef = 5DD4BCF12575D82300EE5966 /* LaunchScreen.storyboard */; };
		5DD4BCFE2575D87600EE5966 /* NetworkManager.swift in Sources */ = {isa = PBXBuildFile; fileRef = 5DD4BCFD2575D87600EE5966 /* NetworkManager.swift */; };
		5DD4BD042575DD7400EE5966 /* WeatherManager.swift in Sources */ = {isa = PBXBuildFile; fileRef = 5DD4BD032575DD7400EE5966 /* WeatherManager.swift */; };
		5DD4BD092575DE1B00EE5966 /* CityListViewController.swift in Sources */ = {isa = PBXBuildFile; fileRef = 5DD4BD082575DE1B00EE5966 /* CityListViewController.swift */; };
		5DD4BD102575DFAF00EE5966 /* AddNewCityViewController.swift in Sources */ = {isa = PBXBuildFile; fileRef = 5DD4BD0F2575DFAF00EE5966 /* AddNewCityViewController.swift */; };
		5DD4BD132575E11A00EE5966 /* WeatherDetailViewController.swift in Sources */ = {isa = PBXBuildFile; fileRef = 5DD4BD122575E11A00EE5966 /* WeatherDetailViewController.swift */; };
		5DD4BD1A2575EDE800EE5966 /* WeatherTableViewCell.swift in Sources */ = {isa = PBXBuildFile; fileRef = 5DD4BD192575EDE800EE5966 /* WeatherTableViewCell.swift */; };
		5DD4BD382575FAF100EE5966 /* City.swift in Sources */ = {isa = PBXBuildFile; fileRef = 5DD4BD372575FAF100EE5966 /* City.swift */; };
		5DD4BD4325761D7500EE5966 /* AddCitiesCell.swift in Sources */ = {isa = PBXBuildFile; fileRef = 5DD4BD4225761D7500EE5966 /* AddCitiesCell.swift */; };
/* End PBXBuildFile section */

/* Begin PBXFileReference section */
		5D56B6B0257647BE00A48F98 /* Weather.swift */ = {isa = PBXFileReference; fileEncoding = 4; lastKnownFileType = sourcecode.swift; path = Weather.swift; sourceTree = "<group>"; };
		5DD4BCE32575D82100EE5966 /* Weather.app */ = {isa = PBXFileReference; explicitFileType = wrapper.application; includeInIndex = 0; path = Weather.app; sourceTree = BUILT_PRODUCTS_DIR; };
		5DD4BCE62575D82100EE5966 /* AppDelegate.swift */ = {isa = PBXFileReference; lastKnownFileType = sourcecode.swift; path = AppDelegate.swift; sourceTree = "<group>"; };
		5DD4BCE82575D82100EE5966 /* SceneDelegate.swift */ = {isa = PBXFileReference; lastKnownFileType = sourcecode.swift; path = SceneDelegate.swift; sourceTree = "<group>"; };
		5DD4BCED2575D82100EE5966 /* Base */ = {isa = PBXFileReference; lastKnownFileType = file.storyboard; name = Base; path = Base.lproj/Main.storyboard; sourceTree = "<group>"; };
		5DD4BCEF2575D82300EE5966 /* Assets.xcassets */ = {isa = PBXFileReference; lastKnownFileType = folder.assetcatalog; path = Assets.xcassets; sourceTree = "<group>"; };
		5DD4BCF22575D82300EE5966 /* Base */ = {isa = PBXFileReference; lastKnownFileType = file.storyboard; name = Base; path = Base.lproj/LaunchScreen.storyboard; sourceTree = "<group>"; };
		5DD4BCF42575D82300EE5966 /* Info.plist */ = {isa = PBXFileReference; lastKnownFileType = text.plist.xml; path = Info.plist; sourceTree = "<group>"; };
		5DD4BCFD2575D87600EE5966 /* NetworkManager.swift */ = {isa = PBXFileReference; lastKnownFileType = sourcecode.swift; path = NetworkManager.swift; sourceTree = "<group>"; };
		5DD4BD032575DD7400EE5966 /* WeatherManager.swift */ = {isa = PBXFileReference; lastKnownFileType = sourcecode.swift; path = WeatherManager.swift; sourceTree = "<group>"; };
		5DD4BD082575DE1B00EE5966 /* CityListViewController.swift */ = {isa = PBXFileReference; lastKnownFileType = sourcecode.swift; path = CityListViewController.swift; sourceTree = "<group>"; };
		5DD4BD0F2575DFAF00EE5966 /* AddNewCityViewController.swift */ = {isa = PBXFileReference; lastKnownFileType = sourcecode.swift; path = AddNewCityViewController.swift; sourceTree = "<group>"; };
		5DD4BD122575E11A00EE5966 /* WeatherDetailViewController.swift */ = {isa = PBXFileReference; lastKnownFileType = sourcecode.swift; path = WeatherDetailViewController.swift; sourceTree = "<group>"; };
		5DD4BD192575EDE800EE5966 /* WeatherTableViewCell.swift */ = {isa = PBXFileReference; lastKnownFileType = sourcecode.swift; path = WeatherTableViewCell.swift; sourceTree = "<group>"; };
		5DD4BD372575FAF100EE5966 /* City.swift */ = {isa = PBXFileReference; lastKnownFileType = sourcecode.swift; path = City.swift; sourceTree = "<group>"; };
		5DD4BD4225761D7500EE5966 /* AddCitiesCell.swift */ = {isa = PBXFileReference; lastKnownFileType = sourcecode.swift; path = AddCitiesCell.swift; sourceTree = "<group>"; };
/* End PBXFileReference section */

/* Begin PBXFrameworksBuildPhase section */
		5DD4BCE02575D82100EE5966 /* Frameworks */ = {
			isa = PBXFrameworksBuildPhase;
			buildActionMask = 2147483647;
			files = (
			);
			runOnlyForDeploymentPostprocessing = 0;
		};
/* End PBXFrameworksBuildPhase section */

/* Begin PBXGroup section */
		5DD4BCDA2575D82100EE5966 = {
			isa = PBXGroup;
			children = (
				5DD4BCE52575D82100EE5966 /* WaetherAssignment */,
				5DD4BCE42575D82100EE5966 /* Products */,
			);
			sourceTree = "<group>";
		};
		5DD4BCE42575D82100EE5966 /* Products */ = {
			isa = PBXGroup;
			children = (
				5DD4BCE32575D82100EE5966 /* Weather.app */,
			);
			name = Products;
			sourceTree = "<group>";
		};
		5DD4BCE52575D82100EE5966 /* WaetherAssignment */ = {
			isa = PBXGroup;
			children = (
				5DD4BD3E2575FDC800EE5966 /* AppDelegate */,
				5DD4BD2D2575F40800EE5966 /* Extensions */,
				5DD4BD012575D97F00EE5966 /* Views */,
				5DD4BD002575D95E00EE5966 /* ViewControllers */,
				5DD4BCFB2575D82F00EE5966 /* Model */,
				5DD4BCEC2575D82100EE5966 /* Main.storyboard */,
				5DD4BCEF2575D82300EE5966 /* Assets.xcassets */,
				5DD4BCF12575D82300EE5966 /* LaunchScreen.storyboard */,
				5DD4BCF42575D82300EE5966 /* Info.plist */,
			);
			path = WaetherAssignment;
			sourceTree = "<group>";
		};
		5DD4BCFB2575D82F00EE5966 /* Model */ = {
			isa = PBXGroup;
			children = (
				5DD4BD072575DDB400EE5966 /* Weather */,
				5DD4BCFD2575D87600EE5966 /* NetworkManager.swift */,
				5DD4BD372575FAF100EE5966 /* City.swift */,
			);
			path = Model;
			sourceTree = "<group>";
		};
		5DD4BD002575D95E00EE5966 /* ViewControllers */ = {
			isa = PBXGroup;
			children = (
				5DD4BD182575EDD900EE5966 /* cells */,
				5DD4BD082575DE1B00EE5966 /* CityListViewController.swift */,
				5DD4BD0F2575DFAF00EE5966 /* AddNewCityViewController.swift */,
				5DD4BD122575E11A00EE5966 /* WeatherDetailViewController.swift */,
			);
			path = ViewControllers;
			sourceTree = "<group>";
		};
		5DD4BD012575D97F00EE5966 /* Views */ = {
			isa = PBXGroup;
			children = (
			);
			path = Views;
			sourceTree = "<group>";
		};
		5DD4BD072575DDB400EE5966 /* Weather */ = {
			isa = PBXGroup;
			children = (
				5D56B6B0257647BE00A48F98 /* Weather.swift */,
				5DD4BD032575DD7400EE5966 /* WeatherManager.swift */,
			);
			path = Weather;
			sourceTree = "<group>";
		};
		5DD4BD182575EDD900EE5966 /* cells */ = {
			isa = PBXGroup;
			children = (
				5DD4BD192575EDE800EE5966 /* WeatherTableViewCell.swift */,
				5DD4BD4225761D7500EE5966 /* AddCitiesCell.swift */,
			);
			path = cells;
			sourceTree = "<group>";
		};
		5DD4BD2D2575F40800EE5966 /* Extensions */ = {
			isa = PBXGroup;
			children = (
			);
			path = Extensions;
			sourceTree = "<group>";
		};
		5DD4BD3E2575FDC800EE5966 /* AppDelegate */ = {
			isa = PBXGroup;
			children = (
				5DD4BCE62575D82100EE5966 /* AppDelegate.swift */,
				5DD4BCE82575D82100EE5966 /* SceneDelegate.swift */,
			);
			path = AppDelegate;
			sourceTree = "<group>";
		};
/* End PBXGroup section */

/* Begin PBXNativeTarget section */
		5DD4BCE22575D82100EE5966 /* Weather */ = {
			isa = PBXNativeTarget;
			buildConfigurationList = 5DD4BCF72575D82300EE5966 /* Build configuration list for PBXNativeTarget "Weather" */;
			buildPhases = (
				5DD4BCDF2575D82100EE5966 /* Sources */,
				5DD4BCE02575D82100EE5966 /* Frameworks */,
				5DD4BCE12575D82100EE5966 /* Resources */,
			);
			buildRules = (
			);
			dependencies = (
			);
			name = Weather;
			productName = WaetherAssignment;
			productReference = 5DD4BCE32575D82100EE5966 /* Weather.app */;
			productType = "com.apple.product-type.application";
		};
/* End PBXNativeTarget section */

/* Begin PBXProject section */
		5DD4BCDB2575D82100EE5966 /* Project object */ = {
			isa = PBXProject;
			attributes = {
				LastSwiftUpdateCheck = 1200;
				LastUpgradeCheck = 1200;
				ORGANIZATIONNAME = "Tech Mahindra";
				TargetAttributes = {
					5DD4BCE22575D82100EE5966 = {
						CreatedOnToolsVersion = 12.0.1;
					};
				};
			};
			buildConfigurationList = 5DD4BCDE2575D82100EE5966 /* Build configuration list for PBXProject "Weather" */;
			compatibilityVersion = "Xcode 9.3";
			developmentRegion = en;
			hasScannedForEncodings = 0;
			knownRegions = (
				en,
				Base,
			);
			mainGroup = 5DD4BCDA2575D82100EE5966;
			productRefGroup = 5DD4BCE42575D82100EE5966 /* Products */;
			projectDirPath = "";
			projectRoot = "";
			targets = (
				5DD4BCE22575D82100EE5966 /* Weather */,
			);
		};
/* End PBXProject section */

/* Begin PBXResourcesBuildPhase section */
		5DD4BCE12575D82100EE5966 /* Resources */ = {
			isa = PBXResourcesBuildPhase;
			buildActionMask = 2147483647;
			files = (
				5DD4BCF32575D82300EE5966 /* LaunchScreen.storyboard in Resources */,
				5DD4BCF02575D82300EE5966 /* Assets.xcassets in Resources */,
				5DD4BCEE2575D82100EE5966 /* Main.storyboard in Resources */,
			);
			runOnlyForDeploymentPostprocessing = 0;
		};
/* End PBXResourcesBuildPhase section */

/* Begin PBXSourcesBuildPhase section */
		5DD4BCDF2575D82100EE5966 /* Sources */ = {
			isa = PBXSourcesBuildPhase;
			buildActionMask = 2147483647;
			files = (
				5DD4BCFE2575D87600EE5966 /* NetworkManager.swift in Sources */,
				5DD4BD4325761D7500EE5966 /* AddCitiesCell.swift in Sources */,
				5DD4BD132575E11A00EE5966 /* WeatherDetailViewController.swift in Sources */,
				5D56B6B1257647BE00A48F98 /* Weather.swift in Sources */,
				5DD4BD042575DD7400EE5966 /* WeatherManager.swift in Sources */,
				5DD4BCE72575D82100EE5966 /* AppDelegate.swift in Sources */,
				5DD4BD102575DFAF00EE5966 /* AddNewCityViewController.swift in Sources */,
				5DD4BD382575FAF100EE5966 /* City.swift in Sources */,
				5DD4BCE92575D82100EE5966 /* SceneDelegate.swift in Sources */,
				5DD4BD1A2575EDE800EE5966 /* WeatherTableViewCell.swift in Sources */,
				5DD4BD092575DE1B00EE5966 /* CityListViewController.swift in Sources */,
			);
			runOnlyForDeploymentPostprocessing = 0;
		};
/* End PBXSourcesBuildPhase section */

/* Begin PBXVariantGroup section */
		5DD4BCEC2575D82100EE5966 /* Main.storyboard */ = {
			isa = PBXVariantGroup;
			children = (
				5DD4BCED2575D82100EE5966 /* Base */,
			);
			name = Main.storyboard;
			sourceTree = "<group>";
		};
		5DD4BCF12575D82300EE5966 /* LaunchScreen.storyboard */ = {
			isa = PBXVariantGroup;
			children = (
				5DD4BCF22575D82300EE5966 /* Base */,
			);
			name = LaunchScreen.storyboard;
			sourceTree = "<group>";
		};
/* End PBXVariantGroup section */

/* Begin XCBuildConfiguration section */
		5DD4BCF52575D82300EE5966 /* Debug */ = {
			isa = XCBuildConfiguration;
			buildSettings = {
				ALWAYS_SEARCH_USER_PATHS = NO;
				CLANG_ANALYZER_NONNULL = YES;
				CLANG_ANALYZER_NUMBER_OBJECT_CONVERSION = YES_AGGRESSIVE;
				CLANG_CXX_LANGUAGE_STANDARD = "gnu++14";
				CLANG_CXX_LIBRARY = "libc++";
				CLANG_ENABLE_MODULES = YES;
				CLANG_ENABLE_OBJC_ARC = YES;
				CLANG_ENABLE_OBJC_WEAK = YES;
				CLANG_WARN_BLOCK_CAPTURE_AUTORELEASING = YES;
				CLANG_WARN_BOOL_CONVERSION = YES;
				CLANG_WARN_COMMA = YES;
				CLANG_WARN_CONSTANT_CONVERSION = YES;
				CLANG_WARN_DEPRECATED_OBJC_IMPLEMENTATIONS = YES;
				CLANG_WARN_DIRECT_OBJC_ISA_USAGE = YES_ERROR;
				CLANG_WARN_DOCUMENTATION_COMMENTS = YES;
				CLANG_WARN_EMPTY_BODY = YES;
				CLANG_WARN_ENUM_CONVERSION = YES;
				CLANG_WARN_INFINITE_RECURSION = YES;
				CLANG_WARN_INT_CONVERSION = YES;
				CLANG_WARN_NON_LITERAL_NULL_CONVERSION = YES;
				CLANG_WARN_OBJC_IMPLICIT_RETAIN_SELF = YES;
				CLANG_WARN_OBJC_LITERAL_CONVERSION = YES;
				CLANG_WARN_OBJC_ROOT_CLASS = YES_ERROR;
				CLANG_WARN_QUOTED_INCLUDE_IN_FRAMEWORK_HEADER = YES;
				CLANG_WARN_RANGE_LOOP_ANALYSIS = YES;
				CLANG_WARN_STRICT_PROTOTYPES = YES;
				CLANG_WARN_SUSPICIOUS_MOVE = YES;
				CLANG_WARN_UNGUARDED_AVAILABILITY = YES_AGGRESSIVE;
				CLANG_WARN_UNREACHABLE_CODE = YES;
				CLANG_WARN__DUPLICATE_METHOD_MATCH = YES;
				COPY_PHASE_STRIP = NO;
				DEBUG_INFORMATION_FORMAT = dwarf;
				ENABLE_STRICT_OBJC_MSGSEND = YES;
				ENABLE_TESTABILITY = YES;
				GCC_C_LANGUAGE_STANDARD = gnu11;
				GCC_DYNAMIC_NO_PIC = NO;
				GCC_NO_COMMON_BLOCKS = YES;
				GCC_OPTIMIZATION_LEVEL = 0;
				GCC_PREPROCESSOR_DEFINITIONS = (
					"DEBUG=1",
					"$(inherited)",
				);
				GCC_WARN_64_TO_32_BIT_CONVERSION = YES;
				GCC_WARN_ABOUT_RETURN_TYPE = YES_ERROR;
				GCC_WARN_UNDECLARED_SELECTOR = YES;
				GCC_WARN_UNINITIALIZED_AUTOS = YES_AGGRESSIVE;
				GCC_WARN_UNUSED_FUNCTION = YES;
				GCC_WARN_UNUSED_VARIABLE = YES;
				IPHONEOS_DEPLOYMENT_TARGET = 14.0;
				MTL_ENABLE_DEBUG_INFO = INCLUDE_SOURCE;
				MTL_FAST_MATH = YES;
				ONLY_ACTIVE_ARCH = YES;
				SDKROOT = iphoneos;
				SWIFT_ACTIVE_COMPILATION_CONDITIONS = DEBUG;
				SWIFT_OPTIMIZATION_LEVEL = "-Onone";
			};
			name = Debug;
		};
		5DD4BCF62575D82300EE5966 /* Release */ = {
			isa = XCBuildConfiguration;
			buildSettings = {
				ALWAYS_SEARCH_USER_PATHS = NO;
				CLANG_ANALYZER_NONNULL = YES;
				CLANG_ANALYZER_NUMBER_OBJECT_CONVERSION = YES_AGGRESSIVE;
				CLANG_CXX_LANGUAGE_STANDARD = "gnu++14";
				CLANG_CXX_LIBRARY = "libc++";
				CLANG_ENABLE_MODULES = YES;
				CLANG_ENABLE_OBJC_ARC = YES;
				CLANG_ENABLE_OBJC_WEAK = YES;
				CLANG_WARN_BLOCK_CAPTURE_AUTORELEASING = YES;
				CLANG_WARN_BOOL_CONVERSION = YES;
				CLANG_WARN_COMMA = YES;
				CLANG_WARN_CONSTANT_CONVERSION = YES;
				CLANG_WARN_DEPRECATED_OBJC_IMPLEMENTATIONS = YES;
				CLANG_WARN_DIRECT_OBJC_ISA_USAGE = YES_ERROR;
				CLANG_WARN_DOCUMENTATION_COMMENTS = YES;
				CLANG_WARN_EMPTY_BODY = YES;
				CLANG_WARN_ENUM_CONVERSION = YES;
				CLANG_WARN_INFINITE_RECURSION = YES;
				CLANG_WARN_INT_CONVERSION = YES;
				CLANG_WARN_NON_LITERAL_NULL_CONVERSION = YES;
				CLANG_WARN_OBJC_IMPLICIT_RETAIN_SELF = YES;
				CLANG_WARN_OBJC_LITERAL_CONVERSION = YES;
				CLANG_WARN_OBJC_ROOT_CLASS = YES_ERROR;
				CLANG_WARN_QUOTED_INCLUDE_IN_FRAMEWORK_HEADER = YES;
				CLANG_WARN_RANGE_LOOP_ANALYSIS = YES;
				CLANG_WARN_STRICT_PROTOTYPES = YES;
				CLANG_WARN_SUSPICIOUS_MOVE = YES;
				CLANG_WARN_UNGUARDED_AVAILABILITY = YES_AGGRESSIVE;
				CLANG_WARN_UNREACHABLE_CODE = YES;
				CLANG_WARN__DUPLICATE_METHOD_MATCH = YES;
				COPY_PHASE_STRIP = NO;
				DEBUG_INFORMATION_FORMAT = "dwarf-with-dsym";
				ENABLE_NS_ASSERTIONS = NO;
				ENABLE_STRICT_OBJC_MSGSEND = YES;
				GCC_C_LANGUAGE_STANDARD = gnu11;
				GCC_NO_COMMON_BLOCKS = YES;
				GCC_WARN_64_TO_32_BIT_CONVERSION = YES;
				GCC_WARN_ABOUT_RETURN_TYPE = YES_ERROR;
				GCC_WARN_UNDECLARED_SELECTOR = YES;
				GCC_WARN_UNINITIALIZED_AUTOS = YES_AGGRESSIVE;
				GCC_WARN_UNUSED_FUNCTION = YES;
				GCC_WARN_UNUSED_VARIABLE = YES;
				IPHONEOS_DEPLOYMENT_TARGET = 14.0;
				MTL_ENABLE_DEBUG_INFO = NO;
				MTL_FAST_MATH = YES;
				SDKROOT = iphoneos;
				SWIFT_COMPILATION_MODE = wholemodule;
				SWIFT_OPTIMIZATION_LEVEL = "-O";
				VALIDATE_PRODUCT = YES;
			};
			name = Release;
		};
		5DD4BCF82575D82300EE5966 /* Debug */ = {
			isa = XCBuildConfiguration;
			buildSettings = {
				ASSETCATALOG_COMPILER_APPICON_NAME = AppIcon;
				ASSETCATALOG_COMPILER_GLOBAL_ACCENT_COLOR_NAME = AccentColor;
				CODE_SIGN_STYLE = Automatic;
				INFOPLIST_FILE = WaetherAssignment/Info.plist;
				IPHONEOS_DEPLOYMENT_TARGET = 14.0;
				LD_RUNPATH_SEARCH_PATHS = (
					"$(inherited)",
					"@executable_path/Frameworks",
				);
				PRODUCT_BUNDLE_IDENTIFIER = com.assignment.WaetherAssignment;
				PRODUCT_NAME = "$(TARGET_NAME)";
				SWIFT_VERSION = 5.0;
				TARGETED_DEVICE_FAMILY = "1,2";
			};
			name = Debug;
		};
		5DD4BCF92575D82300EE5966 /* Release */ = {
			isa = XCBuildConfiguration;
			buildSettings = {
				ASSETCATALOG_COMPILER_APPICON_NAME = AppIcon;
				ASSETCATALOG_COMPILER_GLOBAL_ACCENT_COLOR_NAME = AccentColor;
				CODE_SIGN_STYLE = Automatic;
				INFOPLIST_FILE = WaetherAssignment/Info.plist;
				IPHONEOS_DEPLOYMENT_TARGET = 14.0;
				LD_RUNPATH_SEARCH_PATHS = (
					"$(inherited)",
					"@executable_path/Frameworks",
				);
				PRODUCT_BUNDLE_IDENTIFIER = com.assignment.WaetherAssignment;
				PRODUCT_NAME = "$(TARGET_NAME)";
				SWIFT_VERSION = 5.0;
				TARGETED_DEVICE_FAMILY = "1,2";
			};
			name = Release;
		};
/* End XCBuildConfiguration section */

/* Begin XCConfigurationList section */
		5DD4BCDE2575D82100EE5966 /* Build configuration list for PBXProject "Weather" */ = {
			isa = XCConfigurationList;
			buildConfigurations = (
				5DD4BCF52575D82300EE5966 /* Debug */,
				5DD4BCF62575D82300EE5966 /* Release */,
			);
			defaultConfigurationIsVisible = 0;
			defaultConfigurationName = Release;
		};
		5DD4BCF72575D82300EE5966 /* Build configuration list for PBXNativeTarget "Weather" */ = {
			isa = XCConfigurationList;
			buildConfigurations = (
				5DD4BCF82575D82300EE5966 /* Debug */,
				5DD4BCF92575D82300EE5966 /* Release */,
			);
			defaultConfigurationIsVisible = 0;
			defaultConfigurationName = Release;
		};
/* End XCConfigurationList section */
	};
	rootObject = 5DD4BCDB2575D82100EE5966 /* Project object */;
}
